
Microsoft Visual Studio Solution File, Format Version 12.00
# Visual Studio Version 17
VisualStudioVersion = 17.14.35821.62 d17.14
MinimumVisualStudioVersion = 10.0.40219.1
Project("{FAE04EC0-301F-11D3-BF4B-00C04F79EFBC}") = "collections_app_1", "collections_app_1\collections_app_1.csproj", "{1BB67EA4-F367-4C10-AEF8-6CB99C0AF928}"
EndProject
Global
	GlobalSection(SolutionConfigurationPlatforms) = preSolution
		Debug|Any CPU = Debug|Any CPU
		Release|Any CPU = Release|Any CPU
	EndGlobalSection
	GlobalSection(ProjectConfigurationPlatforms) = postSolution
		{1BB67EA4-F367-4C10-AEF8-6CB99C0AF928}.Debug|Any CPU.ActiveCfg = Debug|Any CPU
		{1BB67EA4-F367-4C10-AEF8-6CB99C0AF928}.Debug|Any CPU.Build.0 = Debug|Any CPU
		{1BB67EA4-F367-4C10-AEF8-6CB99C0AF928}.Release|Any CPU.ActiveCfg = Release|Any CPU
		{1BB67EA4-F367-4C10-AEF8-6CB99C0AF928}.Release|Any CPU.Build.0 = Release|Any CPU
	EndGlobalSection
	GlobalSection(SolutionProperties) = preSolution
		HideSolutionNode = FALSE
	EndGlobalSection
	GlobalSection(ExtensibilityGlobals) = postSolution
		SolutionGuid = {2E73BC4E-78D5-493B-A001-4281E291E2AE}
	EndGlobalSection
EndGlobal
